
Microsoft Visual Studio Solution File, Format Version 12.00
# Visual Studio Version 17
VisualStudioVersion = 17.5.33414.496
MinimumVisualStudioVersion = 10.0.40219.1
Project("{FAE04EC0-301F-11D3-BF4B-00C04F79EFBC}") = "UdemyNZWalks.API", "UdemyNZWalks.API\UdemyNZWalks.API.csproj", "{9EAEAE9B-D1D6-475F-97B6-3E575E3D89FB}"
EndProject
Global
	GlobalSection(SolutionConfigurationPlatforms) = preSolution
		Debug|Any CPU = Debug|Any CPU
		Release|Any CPU = Release|Any CPU
	EndGlobalSection
	GlobalSection(ProjectConfigurationPlatforms) = postSolution
		{9EAEAE9B-D1D6-475F-97B6-3E575E3D89FB}.Debug|Any CPU.ActiveCfg = Debug|Any CPU
		{9EAEAE9B-D1D6-475F-97B6-3E575E3D89FB}.Debug|Any CPU.Build.0 = Debug|Any CPU
		{9EAEAE9B-D1D6-475F-97B6-3E575E3D89FB}.Release|Any CPU.ActiveCfg = Release|Any CPU
		{9EAEAE9B-D1D6-475F-97B6-3E575E3D89FB}.Release|Any CPU.Build.0 = Release|Any CPU
	EndGlobalSection
	GlobalSection(SolutionProperties) = preSolution
		HideSolutionNode = FALSE
	EndGlobalSection
	GlobalSection(ExtensibilityGlobals) = postSolution
		SolutionGuid = {0B5C0155-72C5-4918-97DA-3E491127B890}
	EndGlobalSection
EndGlobal
